{
  "name": "twitch-extension-boilerplate",
  "version": "1.0.0",
  "lockfileVersion": 1,
  "requires": true,
  "dependencies": {
    "axios": {
      "version": "0.17.1",
      "resolved": "https://registry.npmjs.org/axios/-/axios-0.17.1.tgz",
      "integrity": "sha1-LY4+XQvb1zJ/kbyBT1xXZg+Bgk0=",
      "requires": {
        "follow-redirects": "1.4.1",
        "is-buffer": "1.1.6"
      }
    },
    "bignumber.js": {
      "version": "5.0.0",
      "resolved": "https://registry.npmjs.org/bignumber.js/-/bignumber.js-5.0.0.tgz",
      "integrity": "sha512-KWTu6ZMVk9sxlDJQh2YH1UOnfDP8O8TpxUxgQG/vKASoSnEjK9aVuOueFaPcQEYQ5fyNXNTOYwYw3099RYebWg=="
    },
    "blakejs": {
      "version": "1.1.0",
      "resolved": "https://registry.npmjs.org/blakejs/-/blakejs-1.1.0.tgz",
      "integrity": "sha1-ad+S75U6qIylGjLfarHFShVfx6U="
    },
    "cpus": {
      "version": "1.0.0",
      "resolved": "https://registry.npmjs.org/cpus/-/cpus-1.0.0.tgz",
      "integrity": "sha1-2ccnkQpqPnv+K7MMlZE4ewF7hb0="
    },
    "debug": {
      "version": "3.1.0",
      "resolved": "https://registry.npmjs.org/debug/-/debug-3.1.0.tgz",
      "integrity": "sha512-OX8XqP7/1a9cqkxYw2yXss15f26NKWBpDXQd0/uK/KPqdQhxbPa994hnzjcE2VqQpDslf55723cKPUOGSmMY3g==",
      "requires": {
        "ms": "2.0.0"
      }
    },
    "dom-walk": {
      "version": "0.1.1",
      "resolved": "https://registry.npmjs.org/dom-walk/-/dom-walk-0.1.1.tgz",
      "integrity": "sha1-ZyIm3HTI95mtNTB9+TaroRrNYBg="
    },
    "follow-redirects": {
      "version": "1.4.1",
      "resolved": "https://registry.npmjs.org/follow-redirects/-/follow-redirects-1.4.1.tgz",
      "integrity": "sha512-uxYePVPogtya1ktGnAAXOacnbIuRMB4dkvqeNz2qTtTQsuzSfbDolV+wMMKxAmCx0bLgAKLbBOkjItMbbkR1vg==",
      "requires": {
        "debug": "3.1.0"
      }
    },
    "get-random-values": {
      "version": "1.2.0",
      "resolved": "https://registry.npmjs.org/get-random-values/-/get-random-values-1.2.0.tgz",
      "integrity": "sha1-MpIO3oG+2YJl/0A3HPSSmb1YHvE=",
      "requires": {
        "global": "4.3.2"
      }
    },
    "global": {
      "version": "4.3.2",
      "resolved": "https://registry.npmjs.org/global/-/global-4.3.2.tgz",
      "integrity": "sha1-52mJJopsdMOJCLEwWxD8DjlOnQ8=",
      "requires": {
        "min-document": "2.19.0",
        "process": "0.5.2"
      }
    },
    "is-buffer": {
      "version": "1.1.6",
      "resolved": "https://registry.npmjs.org/is-buffer/-/is-buffer-1.1.6.tgz",
      "integrity": "sha512-NcdALwpXkTm5Zvvbk7owOUSvVvBKDgKP5/ewfXEznmQFfs4ZRmanOeKBTjRVjka3QFoN6XJ+9F3USqfHqTaU5w=="
    },
    "min-document": {
      "version": "2.19.0",
      "resolved": "https://registry.npmjs.org/min-document/-/min-document-2.19.0.tgz",
      "integrity": "sha1-e9KC4/WELtKVu3SM3Z8f+iyCRoU=",
      "requires": {
        "dom-walk": "0.1.1"
      }
    },
    "ms": {
      "version": "2.0.0",
      "resolved": "https://registry.npmjs.org/ms/-/ms-2.0.0.tgz",
      "integrity": "sha1-VgiurfwAvmwpAd9fmGF4jeDVl8g="
    },
    "object-assign": {
      "version": "4.1.1",
      "resolved": "https://registry.npmjs.org/object-assign/-/object-assign-4.1.1.tgz",
      "integrity": "sha1-IQmtx5ZYh8/AXLvUQsrIv7s2CGM="
    },
    "process": {
      "version": "0.5.2",
      "resolved": "https://registry.npmjs.org/process/-/process-0.5.2.tgz",
      "integrity": "sha1-FjjYqONML0QKkduVq5rrZ3/Bhc8="
    },
    "raiblocks-js": {
      "version": "0.5.1",
      "resolved": "https://registry.npmjs.org/raiblocks-js/-/raiblocks-js-0.5.1.tgz",
      "integrity": "sha512-WRhllrWmLQR9fAlHhwrtCql/6nql8X4vkPYnfP1p838T+hT49HZp+e3PCZEjPgL8a7qPExCxz+kmijiuHKCSQw==",
      "requires": {
        "axios": "0.17.1",
        "bignumber.js": "5.0.0",
        "blakejs": "1.1.0",
        "cpus": "1.0.0",
        "get-random-values": "1.2.0",
        "tweetnacl": "git+https://github.com/jaimehgb/tweetnacl-js.git#ef9ea5fd95c3ca98128877c58e40ef1a711421ef",
        "workerpool": "2.3.0"
      }
    },
    "tweetnacl": {
      "version": "git+https://github.com/jaimehgb/tweetnacl-js.git#ef9ea5fd95c3ca98128877c58e40ef1a711421ef",
      "requires": {
        "blakejs": "1.1.0"
      }
    },
    "workerpool": {
      "version": "2.3.0",
      "resolved": "https://registry.npmjs.org/workerpool/-/workerpool-2.3.0.tgz",
      "integrity": "sha512-JP5DpviEV84zDmz13QnD4FfRjZBjnTOYY2O4pGgxtlqLh47WOzQFHm8o17TE5OSfcDoKC6vHSrN4yPju93DW0Q==",
      "requires": {
        "object-assign": "4.1.1"
      }
    }
  }
}
